// !$*UTF8*$!
{
	archiveVersion = 1;
	classes = {
	};
	objectVersion = 46;
	objects = {

/* Begin PBXBuildFile section */
		C70ABFFE1F613C4D00A5A482 /* ReceiverRequestPage.m in Sources */ = {isa = PBXBuildFile; fileRef = C70ABFFD1F613C4D00A5A482 /* ReceiverRequestPage.m */; };
		C70D440C1F5AA6330099B33C /* RequireViewController.m in Sources */ = {isa = PBXBuildFile; fileRef = C70D440B1F5AA6330099B33C /* RequireViewController.m */; };
		C74DD10F1F53D9330055C2D8 /* user4x.png in Resources */ = {isa = PBXBuildFile; fileRef = C74DD10E1F53D9330055C2D8 /* user4x.png */; };
		C74DD1121F5401AC0055C2D8 /* CoreGraphics.framework in Frameworks */ = {isa = PBXBuildFile; fileRef = C74DD1111F5401AC0055C2D8 /* CoreGraphics.framework */; };
		C74DD1141F5401B30055C2D8 /* UIKit.framework in Frameworks */ = {isa = PBXBuildFile; fileRef = C74DD1131F5401B30055C2D8 /* UIKit.framework */; };
		C74DD1161F5402050055C2D8 /* Foundation.framework in Frameworks */ = {isa = PBXBuildFile; fileRef = C74DD1151F5402050055C2D8 /* Foundation.framework */; };
		C74DD1181F5402100055C2D8 /* QuartzCore.framework in Frameworks */ = {isa = PBXBuildFile; fileRef = C74DD1171F5402100055C2D8 /* QuartzCore.framework */; };
		C754629B1F5414C100FBDA4F /* logout1x.png in Resources */ = {isa = PBXBuildFile; fileRef = C754629A1F5414C100FBDA4F /* logout1x.png */; };
		C75BDA981F59313E0072A910 /* SenderViewController.m in Sources */ = {isa = PBXBuildFile; fileRef = C75BDA971F59313E0072A910 /* SenderViewController.m */; };
		C75BDA9B1F59318C0072A910 /* ReceiverViewController.m in Sources */ = {isa = PBXBuildFile; fileRef = C75BDA9A1F59318C0072A910 /* ReceiverViewController.m */; };
		C7B1CFB81F514EAC00AFE0B5 /* main.m in Sources */ = {isa = PBXBuildFile; fileRef = C7B1CFB71F514EAC00AFE0B5 /* main.m */; };
		C7B1CFBB1F514EAC00AFE0B5 /* AppDelegate.m in Sources */ = {isa = PBXBuildFile; fileRef = C7B1CFBA1F514EAC00AFE0B5 /* AppDelegate.m */; };
		C7B1CFBE1F514EAC00AFE0B5 /* ViewController.m in Sources */ = {isa = PBXBuildFile; fileRef = C7B1CFBD1F514EAC00AFE0B5 /* ViewController.m */; };
		C7B1CFC11F514EAC00AFE0B5 /* Main.storyboard in Resources */ = {isa = PBXBuildFile; fileRef = C7B1CFBF1F514EAC00AFE0B5 /* Main.storyboard */; };
		C7B1CFC31F514EAC00AFE0B5 /* Assets.xcassets in Resources */ = {isa = PBXBuildFile; fileRef = C7B1CFC21F514EAC00AFE0B5 /* Assets.xcassets */; };
		C7B1CFC61F514EAC00AFE0B5 /* LaunchScreen.storyboard in Resources */ = {isa = PBXBuildFile; fileRef = C7B1CFC41F514EAC00AFE0B5 /* LaunchScreen.storyboard */; };
		C7B1CFD11F514EAC00AFE0B5 /* Construct_SkillsTests.m in Sources */ = {isa = PBXBuildFile; fileRef = C7B1CFD01F514EAC00AFE0B5 /* Construct_SkillsTests.m */; };
		C7B1CFDC1F514EAC00AFE0B5 /* Construct_SkillsUITests.m in Sources */ = {isa = PBXBuildFile; fileRef = C7B1CFDB1F514EAC00AFE0B5 /* Construct_SkillsUITests.m */; };
		C7B1CFEB1F51512E00AFE0B5 /* logo.jpg in Resources */ = {isa = PBXBuildFile; fileRef = C7B1CFEA1F51512E00AFE0B5 /* logo.jpg */; };
		C7B1CFF01F5168D600AFE0B5 /* menubtn1x.png in Resources */ = {isa = PBXBuildFile; fileRef = C7B1CFEF1F5168D600AFE0B5 /* menubtn1x.png */; };
		C7B1CFF21F51699700AFE0B5 /* SWRevealViewController in Resources */ = {isa = PBXBuildFile; fileRef = C7B1CFF11F51699700AFE0B5 /* SWRevealViewController */; };
		C7B1CFF51F516ACD00AFE0B5 /* NavigationTableViewController.m in Sources */ = {isa = PBXBuildFile; fileRef = C7B1CFF41F516ACD00AFE0B5 /* NavigationTableViewController.m */; };
		C7B1CFF81F516C4E00AFE0B5 /* SWRevealViewController.m in Sources */ = {isa = PBXBuildFile; fileRef = C7B1CFF71F516C4E00AFE0B5 /* SWRevealViewController.m */; };
		C7DA342E1F5D1C5900050910 /* RequestPage.m in Sources */ = {isa = PBXBuildFile; fileRef = C7DA342D1F5D1C5900050910 /* RequestPage.m */; };
/* End PBXBuildFile section */

/* Begin PBXContainerItemProxy section */
		C7B1CFCD1F514EAC00AFE0B5 /* PBXContainerItemProxy */ = {
			isa = PBXContainerItemProxy;
			containerPortal = C7B1CFAB1F514EAB00AFE0B5 /* Project object */;
			proxyType = 1;
			remoteGlobalIDString = C7B1CFB21F514EAB00AFE0B5;
			remoteInfo = Construct_Skills;
		};
		C7B1CFD81F514EAC00AFE0B5 /* PBXContainerItemProxy */ = {
			isa = PBXContainerItemProxy;
			containerPortal = C7B1CFAB1F514EAB00AFE0B5 /* Project object */;
			proxyType = 1;
			remoteGlobalIDString = C7B1CFB21F514EAB00AFE0B5;
			remoteInfo = Construct_Skills;
		};
/* End PBXContainerItemProxy section */

/* Begin PBXFileReference section */
		C70ABFFC1F613C4D00A5A482 /* ReceiverRequestPage.h */ = {isa = PBXFileReference; fileEncoding = 4; lastKnownFileType = sourcecode.c.h; name = ReceiverRequestPage.h; path = ../ReceiverRequestPage.h; sourceTree = "<group>"; };
		C70ABFFD1F613C4D00A5A482 /* ReceiverRequestPage.m */ = {isa = PBXFileReference; fileEncoding = 4; lastKnownFileType = sourcecode.c.objc; name = ReceiverRequestPage.m; path = ../ReceiverRequestPage.m; sourceTree = "<group>"; };
		C70D440A1F5AA6330099B33C /* RequireViewController.h */ = {isa = PBXFileReference; fileEncoding = 4; lastKnownFileType = sourcecode.c.h; name = RequireViewController.h; path = ../RequireViewController.h; sourceTree = "<group>"; };
		C70D440B1F5AA6330099B33C /* RequireViewController.m */ = {isa = PBXFileReference; fileEncoding = 4; lastKnownFileType = sourcecode.c.objc; name = RequireViewController.m; path = ../RequireViewController.m; sourceTree = "<group>"; };
		C74DD10E1F53D9330055C2D8 /* user4x.png */ = {isa = PBXFileReference; lastKnownFileType = image.png; path = user4x.png; sourceTree = SOURCE_ROOT; };
		C74DD1111F5401AC0055C2D8 /* CoreGraphics.framework */ = {isa = PBXFileReference; lastKnownFileType = wrapper.framework; name = CoreGraphics.framework; path = System/Library/Frameworks/CoreGraphics.framework; sourceTree = SDKROOT; };
		C74DD1131F5401B30055C2D8 /* UIKit.framework */ = {isa = PBXFileReference; lastKnownFileType = wrapper.framework; name = UIKit.framework; path = System/Library/Frameworks/UIKit.framework; sourceTree = SDKROOT; };
		C74DD1151F5402050055C2D8 /* Foundation.framework */ = {isa = PBXFileReference; lastKnownFileType = wrapper.framework; name = Foundation.framework; path = System/Library/Frameworks/Foundation.framework; sourceTree = SDKROOT; };
		C74DD1171F5402100055C2D8 /* QuartzCore.framework */ = {isa = PBXFileReference; lastKnownFileType = wrapper.framework; name = QuartzCore.framework; path = System/Library/Frameworks/QuartzCore.framework; sourceTree = SDKROOT; };
		C754629A1F5414C100FBDA4F /* logout1x.png */ = {isa = PBXFileReference; lastKnownFileType = image.png; path = logout1x.png; sourceTree = "<group>"; };
		C75BDA961F59313E0072A910 /* SenderViewController.h */ = {isa = PBXFileReference; fileEncoding = 4; lastKnownFileType = sourcecode.c.h; name = SenderViewController.h; path = ../SenderViewController.h; sourceTree = "<group>"; };
		C75BDA971F59313E0072A910 /* SenderViewController.m */ = {isa = PBXFileReference; fileEncoding = 4; lastKnownFileType = sourcecode.c.objc; name = SenderViewController.m; path = ../SenderViewController.m; sourceTree = "<group>"; };
		C75BDA991F59318C0072A910 /* ReceiverViewController.h */ = {isa = PBXFileReference; fileEncoding = 4; lastKnownFileType = sourcecode.c.h; name = ReceiverViewController.h; path = ../ReceiverViewController.h; sourceTree = "<group>"; };
		C75BDA9A1F59318C0072A910 /* ReceiverViewController.m */ = {isa = PBXFileReference; fileEncoding = 4; lastKnownFileType = sourcecode.c.objc; name = ReceiverViewController.m; path = ../ReceiverViewController.m; sourceTree = "<group>"; };
		C7B1CFB31F514EAB00AFE0B5 /* Construct_Skills.app */ = {isa = PBXFileReference; explicitFileType = wrapper.application; includeInIndex = 0; path = Construct_Skills.app; sourceTree = BUILT_PRODUCTS_DIR; };
		C7B1CFB71F514EAC00AFE0B5 /* main.m */ = {isa = PBXFileReference; lastKnownFileType = sourcecode.c.objc; path = main.m; sourceTree = "<group>"; };
		C7B1CFB91F514EAC00AFE0B5 /* AppDelegate.h */ = {isa = PBXFileReference; lastKnownFileType = sourcecode.c.h; path = AppDelegate.h; sourceTree = "<group>"; };
		C7B1CFBA1F514EAC00AFE0B5 /* AppDelegate.m */ = {isa = PBXFileReference; lastKnownFileType = sourcecode.c.objc; path = AppDelegate.m; sourceTree = "<group>"; };
		C7B1CFBC1F514EAC00AFE0B5 /* ViewController.h */ = {isa = PBXFileReference; lastKnownFileType = sourcecode.c.h; path = ViewController.h; sourceTree = "<group>"; };
		C7B1CFBD1F514EAC00AFE0B5 /* ViewController.m */ = {isa = PBXFileReference; lastKnownFileType = sourcecode.c.objc; path = ViewController.m; sourceTree = "<group>"; };
		C7B1CFC01F514EAC00AFE0B5 /* Base */ = {isa = PBXFileReference; lastKnownFileType = file.storyboard; name = Base; path = Base.lproj/Main.storyboard; sourceTree = "<group>"; };
		C7B1CFC21F514EAC00AFE0B5 /* Assets.xcassets */ = {isa = PBXFileReference; lastKnownFileType = folder.assetcatalog; path = Assets.xcassets; sourceTree = "<group>"; };
		C7B1CFC51F514EAC00AFE0B5 /* Base */ = {isa = PBXFileReference; lastKnownFileType = file.storyboard; name = Base; path = Base.lproj/LaunchScreen.storyboard; sourceTree = "<group>"; };
		C7B1CFC71F514EAC00AFE0B5 /* Info.plist */ = {isa = PBXFileReference; lastKnownFileType = text.plist.xml; path = Info.plist; sourceTree = "<group>"; };
		C7B1CFCC1F514EAC00AFE0B5 /* Construct_SkillsTests.xctest */ = {isa = PBXFileReference; explicitFileType = wrapper.cfbundle; includeInIndex = 0; path = Construct_SkillsTests.xctest; sourceTree = BUILT_PRODUCTS_DIR; };
		C7B1CFD01F514EAC00AFE0B5 /* Construct_SkillsTests.m */ = {isa = PBXFileReference; lastKnownFileType = sourcecode.c.objc; path = Construct_SkillsTests.m; sourceTree = "<group>"; };
		C7B1CFD21F514EAC00AFE0B5 /* Info.plist */ = {isa = PBXFileReference; lastKnownFileType = text.plist.xml; path = Info.plist; sourceTree = "<group>"; };
		C7B1CFD71F514EAC00AFE0B5 /* Construct_SkillsUITests.xctest */ = {isa = PBXFileReference; explicitFileType = wrapper.cfbundle; includeInIndex = 0; path = Construct_SkillsUITests.xctest; sourceTree = BUILT_PRODUCTS_DIR; };
		C7B1CFDB1F514EAC00AFE0B5 /* Construct_SkillsUITests.m */ = {isa = PBXFileReference; lastKnownFileType = sourcecode.c.objc; path = Construct_SkillsUITests.m; sourceTree = "<group>"; };
		C7B1CFDD1F514EAC00AFE0B5 /* Info.plist */ = {isa = PBXFileReference; lastKnownFileType = text.plist.xml; path = Info.plist; sourceTree = "<group>"; };
		C7B1CFEA1F51512E00AFE0B5 /* logo.jpg */ = {isa = PBXFileReference; lastKnownFileType = image.jpeg; name = logo.jpg; path = ../../../Downloads/logo.jpg; sourceTree = "<group>"; };
		C7B1CFEF1F5168D600AFE0B5 /* menubtn1x.png */ = {isa = PBXFileReference; lastKnownFileType = image.png; path = menubtn1x.png; sourceTree = "<group>"; };
		C7B1CFF11F51699700AFE0B5 /* SWRevealViewController */ = {isa = PBXFileReference; lastKnownFileType = folder; path = SWRevealViewController; sourceTree = SOURCE_ROOT; };
		C7B1CFF31F516ACD00AFE0B5 /* NavigationTableViewController.h */ = {isa = PBXFileReference; fileEncoding = 4; lastKnownFileType = sourcecode.c.h; path = NavigationTableViewController.h; sourceTree = "<group>"; };
		C7B1CFF41F516ACD00AFE0B5 /* NavigationTableViewController.m */ = {isa = PBXFileReference; fileEncoding = 4; lastKnownFileType = sourcecode.c.objc; path = NavigationTableViewController.m; sourceTree = "<group>"; };
		C7B1CFF61F516C4E00AFE0B5 /* SWRevealViewController.h */ = {isa = PBXFileReference; fileEncoding = 4; lastKnownFileType = sourcecode.c.h; name = SWRevealViewController.h; path = ../SWRevealViewController/SWRevealViewController.h; sourceTree = "<group>"; };
		C7B1CFF71F516C4E00AFE0B5 /* SWRevealViewController.m */ = {isa = PBXFileReference; fileEncoding = 4; lastKnownFileType = sourcecode.c.objc; name = SWRevealViewController.m; path = ../SWRevealViewController/SWRevealViewController.m; sourceTree = "<group>"; };
		C7DA342C1F5D1C5900050910 /* RequestPage.h */ = {isa = PBXFileReference; fileEncoding = 4; lastKnownFileType = sourcecode.c.h; name = RequestPage.h; path = ../RequestPage.h; sourceTree = "<group>"; };
		C7DA342D1F5D1C5900050910 /* RequestPage.m */ = {isa = PBXFileReference; fileEncoding = 4; lastKnownFileType = sourcecode.c.objc; name = RequestPage.m; path = ../RequestPage.m; sourceTree = "<group>"; };
/* End PBXFileReference section */

/* Begin PBXFrameworksBuildPhase section */
		C7B1CFB01F514EAB00AFE0B5 /* Frameworks */ = {
			isa = PBXFrameworksBuildPhase;
			buildActionMask = 2147483647;
			files = (
				C74DD1181F5402100055C2D8 /* QuartzCore.framework in Frameworks */,
				C74DD1161F5402050055C2D8 /* Foundation.framework in Frameworks */,
				C74DD1141F5401B30055C2D8 /* UIKit.framework in Frameworks */,
				C74DD1121F5401AC0055C2D8 /* CoreGraphics.framework in Frameworks */,
			);
			runOnlyForDeploymentPostprocessing = 0;
		};
		C7B1CFC91F514EAC00AFE0B5 /* Frameworks */ = {
			isa = PBXFrameworksBuildPhase;
			buildActionMask = 2147483647;
			files = (
			);
			runOnlyForDeploymentPostprocessing = 0;
		};
		C7B1CFD41F514EAC00AFE0B5 /* Frameworks */ = {
			isa = PBXFrameworksBuildPhase;
			buildActionMask = 2147483647;
			files = (
			);
			runOnlyForDeploymentPostprocessing = 0;
		};
/* End PBXFrameworksBuildPhase section */

/* Begin PBXGroup section */
		C74DD1101F5401AC0055C2D8 /* Frameworks */ = {
			isa = PBXGroup;
			children = (
				C74DD1171F5402100055C2D8 /* QuartzCore.framework */,
				C74DD1151F5402050055C2D8 /* Foundation.framework */,
				C74DD1131F5401B30055C2D8 /* UIKit.framework */,
				C74DD1111F5401AC0055C2D8 /* CoreGraphics.framework */,
			);
			name = Frameworks;
			sourceTree = "<group>";
		};
		C7B1CFAA1F514EAB00AFE0B5 = {
			isa = PBXGroup;
			children = (
				C7B1CFB51F514EAB00AFE0B5 /* Construct_Skills */,
				C7B1CFCF1F514EAC00AFE0B5 /* Construct_SkillsTests */,
				C7B1CFDA1F514EAC00AFE0B5 /* Construct_SkillsUITests */,
				C7B1CFB41F514EAB00AFE0B5 /* Products */,
				C74DD1101F5401AC0055C2D8 /* Frameworks */,
			);
			sourceTree = "<group>";
		};
		C7B1CFB41F514EAB00AFE0B5 /* Products */ = {
			isa = PBXGroup;
			children = (
				C7B1CFB31F514EAB00AFE0B5 /* Construct_Skills.app */,
				C7B1CFCC1F514EAC00AFE0B5 /* Construct_SkillsTests.xctest */,
				C7B1CFD71F514EAC00AFE0B5 /* Construct_SkillsUITests.xctest */,
			);
			name = Products;
			sourceTree = "<group>";
		};
		C7B1CFB51F514EAB00AFE0B5 /* Construct_Skills */ = {
			isa = PBXGroup;
			children = (
				C7B1CFF11F51699700AFE0B5 /* SWRevealViewController */,
				C7B1CFE91F51510100AFE0B5 /* images */,
				C7B1CFB91F514EAC00AFE0B5 /* AppDelegate.h */,
				C7B1CFBA1F514EAC00AFE0B5 /* AppDelegate.m */,
				C7B1CFF61F516C4E00AFE0B5 /* SWRevealViewController.h */,
				C7B1CFF71F516C4E00AFE0B5 /* SWRevealViewController.m */,
				C7B1CFBC1F514EAC00AFE0B5 /* ViewController.h */,
				C7B1CFBD1F514EAC00AFE0B5 /* ViewController.m */,
				C7B1CFF31F516ACD00AFE0B5 /* NavigationTableViewController.h */,
				C7B1CFF41F516ACD00AFE0B5 /* NavigationTableViewController.m */,
				C7B1CFBF1F514EAC00AFE0B5 /* Main.storyboard */,
				C7B1CFC21F514EAC00AFE0B5 /* Assets.xcassets */,
				C7B1CFC41F514EAC00AFE0B5 /* LaunchScreen.storyboard */,
				C7B1CFC71F514EAC00AFE0B5 /* Info.plist */,
				C7B1CFB61F514EAB00AFE0B5 /* Supporting Files */,
			);
			path = Construct_Skills;
			sourceTree = "<group>";
		};
		C7B1CFB61F514EAB00AFE0B5 /* Supporting Files */ = {
			isa = PBXGroup;
			children = (
				C75BDA991F59318C0072A910 /* ReceiverViewController.h */,
				C75BDA9A1F59318C0072A910 /* ReceiverViewController.m */,
				C70ABFFC1F613C4D00A5A482 /* ReceiverRequestPage.h */,
				C70ABFFD1F613C4D00A5A482 /* ReceiverRequestPage.m */,
				C75BDA961F59313E0072A910 /* SenderViewController.h */,
				C75BDA971F59313E0072A910 /* SenderViewController.m */,
				C7DA342C1F5D1C5900050910 /* RequestPage.h */,
				C7DA342D1F5D1C5900050910 /* RequestPage.m */,
				C70D440A1F5AA6330099B33C /* RequireViewController.h */,
				C70D440B1F5AA6330099B33C /* RequireViewController.m */,
				C7B1CFB71F514EAC00AFE0B5 /* main.m */,
			);
			name = "Supporting Files";
			sourceTree = "<group>";
		};
		C7B1CFCF1F514EAC00AFE0B5 /* Construct_SkillsTests */ = {
			isa = PBXGroup;
			children = (
				C7B1CFD01F514EAC00AFE0B5 /* Construct_SkillsTests.m */,
				C7B1CFD21F514EAC00AFE0B5 /* Info.plist */,
			);
			path = Construct_SkillsTests;
			sourceTree = "<group>";
		};
		C7B1CFDA1F514EAC00AFE0B5 /* Construct_SkillsUITests */ = {
			isa = PBXGroup;
			children = (
				C7B1CFDB1F514EAC00AFE0B5 /* Construct_SkillsUITests.m */,
				C7B1CFDD1F514EAC00AFE0B5 /* Info.plist */,
			);
			path = Construct_SkillsUITests;
			sourceTree = "<group>";
		};
		C7B1CFE91F51510100AFE0B5 /* images */ = {
			isa = PBXGroup;
			children = (
				C754629A1F5414C100FBDA4F /* logout1x.png */,
				C74DD10E1F53D9330055C2D8 /* user4x.png */,
				C7B1CFEF1F5168D600AFE0B5 /* menubtn1x.png */,
				C7B1CFEA1F51512E00AFE0B5 /* logo.jpg */,
			);
			name = images;
			sourceTree = "<group>";
		};
/* End PBXGroup section */

/* Begin PBXNativeTarget section */
		C7B1CFB21F514EAB00AFE0B5 /* Construct_Skills */ = {
			isa = PBXNativeTarget;
			buildConfigurationList = C7B1CFE01F514EAC00AFE0B5 /* Build configuration list for PBXNativeTarget "Construct_Skills" */;
			buildPhases = (
				C7B1CFAF1F514EAB00AFE0B5 /* Sources */,
				C7B1CFB01F514EAB00AFE0B5 /* Frameworks */,
				C7B1CFB11F514EAB00AFE0B5 /* Resources */,
			);
			buildRules = (
			);
			dependencies = (
			);
			name = Construct_Skills;
			productName = Construct_Skills;
			productReference = C7B1CFB31F514EAB00AFE0B5 /* Construct_Skills.app */;
			productType = "com.apple.product-type.application";
		};
		C7B1CFCB1F514EAC00AFE0B5 /* Construct_SkillsTests */ = {
			isa = PBXNativeTarget;
			buildConfigurationList = C7B1CFE31F514EAC00AFE0B5 /* Build configuration list for PBXNativeTarget "Construct_SkillsTests" */;
			buildPhases = (
				C7B1CFC81F514EAC00AFE0B5 /* Sources */,
				C7B1CFC91F514EAC00AFE0B5 /* Frameworks */,
				C7B1CFCA1F514EAC00AFE0B5 /* Resources */,
			);
			buildRules = (
			);
			dependencies = (
				C7B1CFCE1F514EAC00AFE0B5 /* PBXTargetDependency */,
			);
			name = Construct_SkillsTests;
			productName = Construct_SkillsTests;
			productReference = C7B1CFCC1F514EAC00AFE0B5 /* Construct_SkillsTests.xctest */;
			productType = "com.apple.product-type.bundle.unit-test";
		};
		C7B1CFD61F514EAC00AFE0B5 /* Construct_SkillsUITests */ = {
			isa = PBXNativeTarget;
			buildConfigurationList = C7B1CFE61F514EAC00AFE0B5 /* Build configuration list for PBXNativeTarget "Construct_SkillsUITests" */;
			buildPhases = (
				C7B1CFD31F514EAC00AFE0B5 /* Sources */,
				C7B1CFD41F514EAC00AFE0B5 /* Frameworks */,
				C7B1CFD51F514EAC00AFE0B5 /* Resources */,
			);
			buildRules = (
			);
			dependencies = (
				C7B1CFD91F514EAC00AFE0B5 /* PBXTargetDependency */,
			);
			name = Construct_SkillsUITests;
			productName = Construct_SkillsUITests;
			productReference = C7B1CFD71F514EAC00AFE0B5 /* Construct_SkillsUITests.xctest */;
			productType = "com.apple.product-type.bundle.ui-testing";
		};
/* End PBXNativeTarget section */

/* Begin PBXProject section */
		C7B1CFAB1F514EAB00AFE0B5 /* Project object */ = {
			isa = PBXProject;
			attributes = {
				LastUpgradeCheck = 0830;
				ORGANIZATIONNAME = ASC;
				TargetAttributes = {
					C7B1CFB21F514EAB00AFE0B5 = {
						CreatedOnToolsVersion = 8.3.3;
						ProvisioningStyle = Automatic;
					};
					C7B1CFCB1F514EAC00AFE0B5 = {
						CreatedOnToolsVersion = 8.3.3;
						ProvisioningStyle = Automatic;
						TestTargetID = C7B1CFB21F514EAB00AFE0B5;
					};
					C7B1CFD61F514EAC00AFE0B5 = {
						CreatedOnToolsVersion = 8.3.3;
						ProvisioningStyle = Automatic;
						TestTargetID = C7B1CFB21F514EAB00AFE0B5;
					};
				};
			};
			buildConfigurationList = C7B1CFAE1F514EAB00AFE0B5 /* Build configuration list for PBXProject "Construct_Skills" */;
			compatibilityVersion = "Xcode 3.2";
			developmentRegion = English;
			hasScannedForEncodings = 0;
			knownRegions = (
				en,
				Base,
			);
			mainGroup = C7B1CFAA1F514EAB00AFE0B5;
			productRefGroup = C7B1CFB41F514EAB00AFE0B5 /* Products */;
			projectDirPath = "";
			projectRoot = "";
			targets = (
				C7B1CFB21F514EAB00AFE0B5 /* Construct_Skills */,
				C7B1CFCB1F514EAC00AFE0B5 /* Construct_SkillsTests */,
				C7B1CFD61F514EAC00AFE0B5 /* Construct_SkillsUITests */,
			);
		};
/* End PBXProject section */

/* Begin PBXResourcesBuildPhase section */
		C7B1CFB11F514EAB00AFE0B5 /* Resources */ = {
			isa = PBXResourcesBuildPhase;
			buildActionMask = 2147483647;
			files = (
				C7B1CFEB1F51512E00AFE0B5 /* logo.jpg in Resources */,
				C7B1CFC61F514EAC00AFE0B5 /* LaunchScreen.storyboard in Resources */,
				C754629B1F5414C100FBDA4F /* logout1x.png in Resources */,
				C7B1CFF21F51699700AFE0B5 /* SWRevealViewController in Resources */,
				C74DD10F1F53D9330055C2D8 /* user4x.png in Resources */,
				C7B1CFF01F5168D600AFE0B5 /* menubtn1x.png in Resources */,
				C7B1CFC31F514EAC00AFE0B5 /* Assets.xcassets in Resources */,
				C7B1CFC11F514EAC00AFE0B5 /* Main.storyboard in Resources */,
			);
			runOnlyForDeploymentPostprocessing = 0;
		};
		C7B1CFCA1F514EAC00AFE0B5 /* Resources */ = {
			isa = PBXResourcesBuildPhase;
			buildActionMask = 2147483647;
			files = (
			);
			runOnlyForDeploymentPostprocessing = 0;
		};
		C7B1CFD51F514EAC00AFE0B5 /* Resources */ = {
			isa = PBXResourcesBuildPhase;
			buildActionMask = 2147483647;
			files = (
			);
			runOnlyForDeploymentPostprocessing = 0;
		};
/* End PBXResourcesBuildPhase section */

/* Begin PBXSourcesBuildPhase section */
		C7B1CFAF1F514EAB00AFE0B5 /* Sources */ = {
			isa = PBXSourcesBuildPhase;
			buildActionMask = 2147483647;
			files = (
				C7B1CFBE1F514EAC00AFE0B5 /* ViewController.m in Sources */,
				C7DA342E1F5D1C5900050910 /* RequestPage.m in Sources */,
				C7B1CFF51F516ACD00AFE0B5 /* NavigationTableViewController.m in Sources */,
				C7B1CFF81F516C4E00AFE0B5 /* SWRevealViewController.m in Sources */,
				C7B1CFBB1F514EAC00AFE0B5 /* AppDelegate.m in Sources */,
				C7B1CFB81F514EAC00AFE0B5 /* main.m in Sources */,
				C75BDA981F59313E0072A910 /* SenderViewController.m in Sources */,
				C70ABFFE1F613C4D00A5A482 /* ReceiverRequestPage.m in Sources */,
				C70D440C1F5AA6330099B33C /* RequireViewController.m in Sources */,
				C75BDA9B1F59318C0072A910 /* ReceiverViewController.m in Sources */,
			);
			runOnlyForDeploymentPostprocessing = 0;
		};
		C7B1CFC81F514EAC00AFE0B5 /* Sources */ = {
			isa = PBXSourcesBuildPhase;
			buildActionMask = 2147483647;
			files = (
				C7B1CFD11F514EAC00AFE0B5 /* Construct_SkillsTests.m in Sources */,
			);
			runOnlyForDeploymentPostprocessing = 0;
		};
		C7B1CFD31F514EAC00AFE0B5 /* Sources */ = {
			isa = PBXSourcesBuildPhase;
			buildActionMask = 2147483647;
			files = (
				C7B1CFDC1F514EAC00AFE0B5 /* Construct_SkillsUITests.m in Sources */,
			);
			runOnlyForDeploymentPostprocessing = 0;
		};
/* End PBXSourcesBuildPhase section */

/* Begin PBXTargetDependency section */
		C7B1CFCE1F514EAC00AFE0B5 /* PBXTargetDependency */ = {
			isa = PBXTargetDependency;
			target = C7B1CFB21F514EAB00AFE0B5 /* Construct_Skills */;
			targetProxy = C7B1CFCD1F514EAC00AFE0B5 /* PBXContainerItemProxy */;
		};
		C7B1CFD91F514EAC00AFE0B5 /* PBXTargetDependency */ = {
			isa = PBXTargetDependency;
			target = C7B1CFB21F514EAB00AFE0B5 /* Construct_Skills */;
			targetProxy = C7B1CFD81F514EAC00AFE0B5 /* PBXContainerItemProxy */;
		};
/* End PBXTargetDependency section */

/* Begin PBXVariantGroup section */
		C7B1CFBF1F514EAC00AFE0B5 /* Main.storyboard */ = {
			isa = PBXVariantGroup;
			children = (
				C7B1CFC01F514EAC00AFE0B5 /* Base */,
			);
			name = Main.storyboard;
			sourceTree = "<group>";
		};
		C7B1CFC41F514EAC00AFE0B5 /* LaunchScreen.storyboard */ = {
			isa = PBXVariantGroup;
			children = (
				C7B1CFC51F514EAC00AFE0B5 /* Base */,
			);
			name = LaunchScreen.storyboard;
			sourceTree = "<group>";
		};
/* End PBXVariantGroup section */

/* Begin XCBuildConfiguration section */
		C7B1CFDE1F514EAC00AFE0B5 /* Debug */ = {
			isa = XCBuildConfiguration;
			buildSettings = {
				ALWAYS_SEARCH_USER_PATHS = NO;
				CLANG_ANALYZER_NONNULL = YES;
				CLANG_ANALYZER_NUMBER_OBJECT_CONVERSION = YES_AGGRESSIVE;
				CLANG_CXX_LANGUAGE_STANDARD = "gnu++0x";
				CLANG_CXX_LIBRARY = "libc++";
				CLANG_ENABLE_MODULES = YES;
				CLANG_ENABLE_OBJC_ARC = YES;
				CLANG_WARN_BOOL_CONVERSION = YES;
				CLANG_WARN_CONSTANT_CONVERSION = YES;
				CLANG_WARN_DIRECT_OBJC_ISA_USAGE = YES_ERROR;
				CLANG_WARN_DOCUMENTATION_COMMENTS = YES;
				CLANG_WARN_EMPTY_BODY = YES;
				CLANG_WARN_ENUM_CONVERSION = YES;
				CLANG_WARN_INFINITE_RECURSION = YES;
				CLANG_WARN_INT_CONVERSION = YES;
				CLANG_WARN_OBJC_ROOT_CLASS = YES_ERROR;
				CLANG_WARN_SUSPICIOUS_MOVE = YES;
				CLANG_WARN_UNREACHABLE_CODE = YES;
				CLANG_WARN__DUPLICATE_METHOD_MATCH = YES;
				"CODE_SIGN_IDENTITY[sdk=iphoneos*]" = "iPhone Developer";
				COPY_PHASE_STRIP = NO;
				DEBUG_INFORMATION_FORMAT = dwarf;
				ENABLE_STRICT_OBJC_MSGSEND = YES;
				ENABLE_TESTABILITY = YES;
				GCC_C_LANGUAGE_STANDARD = gnu99;
				GCC_DYNAMIC_NO_PIC = NO;
				GCC_NO_COMMON_BLOCKS = YES;
				GCC_OPTIMIZATION_LEVEL = 0;
				GCC_PREPROCESSOR_DEFINITIONS = (
					"DEBUG=1",
					"$(inherited)",
				);
				GCC_WARN_64_TO_32_BIT_CONVERSION = YES;
				GCC_WARN_ABOUT_RETURN_TYPE = YES_ERROR;
				GCC_WARN_UNDECLARED_SELECTOR = YES;
				GCC_WARN_UNINITIALIZED_AUTOS = YES_AGGRESSIVE;
				GCC_WARN_UNUSED_FUNCTION = YES;
				GCC_WARN_UNUSED_VARIABLE = YES;
				IPHONEOS_DEPLOYMENT_TARGET = 10.3;
				MTL_ENABLE_DEBUG_INFO = YES;
				ONLY_ACTIVE_ARCH = YES;
				SDKROOT = iphoneos;
				TARGETED_DEVICE_FAMILY = "1,2";
			};
			name = Debug;
		};
		C7B1CFDF1F514EAC00AFE0B5 /* Release */ = {
			isa = XCBuildConfiguration;
			buildSettings = {
				ALWAYS_SEARCH_USER_PATHS = NO;
				CLANG_ANALYZER_NONNULL = YES;
				CLANG_ANALYZER_NUMBER_OBJECT_CONVERSION = YES_AGGRESSIVE;
				CLANG_CXX_LANGUAGE_STANDARD = "gnu++0x";
				CLANG_CXX_LIBRARY = "libc++";
				CLANG_ENABLE_MODULES = YES;
				CLANG_ENABLE_OBJC_ARC = YES;
				CLANG_WARN_BOOL_CONVERSION = YES;
				CLANG_WARN_CONSTANT_CONVERSION = YES;
				CLANG_WARN_DIRECT_OBJC_ISA_USAGE = YES_ERROR;
				CLANG_WARN_DOCUMENTATION_COMMENTS = YES;
				CLANG_WARN_EMPTY_BODY = YES;
				CLANG_WARN_ENUM_CONVERSION = YES;
				CLANG_WARN_INFINITE_RECURSION = YES;
				CLANG_WARN_INT_CONVERSION = YES;
				CLANG_WARN_OBJC_ROOT_CLASS = YES_ERROR;
				CLANG_WARN_SUSPICIOUS_MOVE = YES;
				CLANG_WARN_UNREACHABLE_CODE = YES;
				CLANG_WARN__DUPLICATE_METHOD_MATCH = YES;
				"CODE_SIGN_IDENTITY[sdk=iphoneos*]" = "iPhone Developer";
				COPY_PHASE_STRIP = NO;
				DEBUG_INFORMATION_FORMAT = "dwarf-with-dsym";
				ENABLE_NS_ASSERTIONS = NO;
				ENABLE_STRICT_OBJC_MSGSEND = YES;
				GCC_C_LANGUAGE_STANDARD = gnu99;
				GCC_NO_COMMON_BLOCKS = YES;
				GCC_WARN_64_TO_32_BIT_CONVERSION = YES;
				GCC_WARN_ABOUT_RETURN_TYPE = YES_ERROR;
				GCC_WARN_UNDECLARED_SELECTOR = YES;
				GCC_WARN_UNINITIALIZED_AUTOS = YES_AGGRESSIVE;
				GCC_WARN_UNUSED_FUNCTION = YES;
				GCC_WARN_UNUSED_VARIABLE = YES;
				IPHONEOS_DEPLOYMENT_TARGET = 10.3;
				MTL_ENABLE_DEBUG_INFO = NO;
				SDKROOT = iphoneos;
				TARGETED_DEVICE_FAMILY = "1,2";
				VALIDATE_PRODUCT = YES;
			};
			name = Release;
		};
		C7B1CFE11F514EAC00AFE0B5 /* Debug */ = {
			isa = XCBuildConfiguration;
			buildSettings = {
				ASSETCATALOG_COMPILER_APPICON_NAME = AppIcon;
				INFOPLIST_FILE = Construct_Skills/Info.plist;
				LD_RUNPATH_SEARCH_PATHS = "$(inherited) @executable_path/Frameworks";
				PRODUCT_BUNDLE_IDENTIFIER = "constructskills.Construct-Skills";
				PRODUCT_NAME = "$(TARGET_NAME)";
			};
			name = Debug;
		};
		C7B1CFE21F514EAC00AFE0B5 /* Release */ = {
			isa = XCBuildConfiguration;
			buildSettings = {
				ASSETCATALOG_COMPILER_APPICON_NAME = AppIcon;
				INFOPLIST_FILE = Construct_Skills/Info.plist;
				LD_RUNPATH_SEARCH_PATHS = "$(inherited) @executable_path/Frameworks";
				PRODUCT_BUNDLE_IDENTIFIER = "constructskills.Construct-Skills";
				PRODUCT_NAME = "$(TARGET_NAME)";
			};
			name = Release;
		};
		C7B1CFE41F514EAC00AFE0B5 /* Debug */ = {
			isa = XCBuildConfiguration;
			buildSettings = {
				BUNDLE_LOADER = "$(TEST_HOST)";
				INFOPLIST_FILE = Construct_SkillsTests/Info.plist;
				LD_RUNPATH_SEARCH_PATHS = "$(inherited) @executable_path/Frameworks @loader_path/Frameworks";
				PRODUCT_BUNDLE_IDENTIFIER = "constructskills.Construct-SkillsTests";
				PRODUCT_NAME = "$(TARGET_NAME)";
				TEST_HOST = "$(BUILT_PRODUCTS_DIR)/Construct_Skills.app/Construct_Skills";
			};
			name = Debug;
		};
		C7B1CFE51F514EAC00AFE0B5 /* Release */ = {
			isa = XCBuildConfiguration;
			buildSettings = {
				BUNDLE_LOADER = "$(TEST_HOST)";
				INFOPLIST_FILE = Construct_SkillsTests/Info.plist;
				LD_RUNPATH_SEARCH_PATHS = "$(inherited) @executable_path/Frameworks @loader_path/Frameworks";
				PRODUCT_BUNDLE_IDENTIFIER = "constructskills.Construct-SkillsTests";
				PRODUCT_NAME = "$(TARGET_NAME)";
				TEST_HOST = "$(BUILT_PRODUCTS_DIR)/Construct_Skills.app/Construct_Skills";
			};
			name = Release;
		};
		C7B1CFE71F514EAC00AFE0B5 /* Debug */ = {
			isa = XCBuildConfiguration;
			buildSettings = {
				INFOPLIST_FILE = Construct_SkillsUITests/Info.plist;
				LD_RUNPATH_SEARCH_PATHS = "$(inherited) @executable_path/Frameworks @loader_path/Frameworks";
				PRODUCT_BUNDLE_IDENTIFIER = "constructskills.Construct-SkillsUITests";
				PRODUCT_NAME = "$(TARGET_NAME)";
				TEST_TARGET_NAME = Construct_Skills;
			};
			name = Debug;
		};
		C7B1CFE81F514EAC00AFE0B5 /* Release */ = {
			isa = XCBuildConfiguration;
			buildSettings = {
				INFOPLIST_FILE = Construct_SkillsUITests/Info.plist;
				LD_RUNPATH_SEARCH_PATHS = "$(inherited) @executable_path/Frameworks @loader_path/Frameworks";
				PRODUCT_BUNDLE_IDENTIFIER = "constructskills.Construct-SkillsUITests";
				PRODUCT_NAME = "$(TARGET_NAME)";
				TEST_TARGET_NAME = Construct_Skills;
			};
			name = Release;
		};
/* End XCBuildConfiguration section */

/* Begin XCConfigurationList section */
		C7B1CFAE1F514EAB00AFE0B5 /* Build configuration list for PBXProject "Construct_Skills" */ = {
			isa = XCConfigurationList;
			buildConfigurations = (
				C7B1CFDE1F514EAC00AFE0B5 /* Debug */,
				C7B1CFDF1F514EAC00AFE0B5 /* Release */,
			);
			defaultConfigurationIsVisible = 0;
			defaultConfigurationName = Release;
		};
		C7B1CFE01F514EAC00AFE0B5 /* Build configuration list for PBXNativeTarget "Construct_Skills" */ = {
			isa = XCConfigurationList;
			buildConfigurations = (
				C7B1CFE11F514EAC00AFE0B5 /* Debug */,
				C7B1CFE21F514EAC00AFE0B5 /* Release */,
			);
			defaultConfigurationIsVisible = 0;
			defaultConfigurationName = Release;
		};
		C7B1CFE31F514EAC00AFE0B5 /* Build configuration list for PBXNativeTarget "Construct_SkillsTests" */ = {
			isa = XCConfigurationList;
			buildConfigurations = (
				C7B1CFE41F514EAC00AFE0B5 /* Debug */,
				C7B1CFE51F514EAC00AFE0B5 /* Release */,
			);
			defaultConfigurationIsVisible = 0;
			defaultConfigurationName = Release;
		};
		C7B1CFE61F514EAC00AFE0B5 /* Build configuration list for PBXNativeTarget "Construct_SkillsUITests" */ = {
			isa = XCConfigurationList;
			buildConfigurations = (
				C7B1CFE71F514EAC00AFE0B5 /* Debug */,
				C7B1CFE81F514EAC00AFE0B5 /* Release */,
			);
			defaultConfigurationIsVisible = 0;
			defaultConfigurationName = Release;
		};
/* End XCConfigurationList section */
	};
	rootObject = C7B1CFAB1F514EAB00AFE0B5 /* Project object */;
}
